
Microsoft Visual Studio Solution File, Format Version 12.00
# Visual Studio Version 16
VisualStudioVersion = 16.0.30114.105
MinimumVisualStudioVersion = 10.0.40219.1
Project("{FAE04EC0-301F-11D3-BF4B-00C04F79EFBC}") = "backend", "backend\backend.csproj", "{77226CF8-2CCE-43DA-8FA6-BE86DD6D8010}"
EndProject
Project("{FAE04EC0-301F-11D3-BF4B-00C04F79EFBC}") = "backend.Tests", "backend.Tests\backend.Tests.csproj", "{B83DFF0A-C12A-41FC-9D5C-A829EF469E0F}"
EndProject
Global
	GlobalSection(SolutionConfigurationPlatforms) = preSolution
		Debug|Any CPU = Debug|Any CPU
		Release|Any CPU = Release|Any CPU
	EndGlobalSection
	GlobalSection(SolutionProperties) = preSolution
		HideSolutionNode = FALSE
	EndGlobalSection
	GlobalSection(ProjectConfigurationPlatforms) = postSolution
		{77226CF8-2CCE-43DA-8FA6-BE86DD6D8010}.Debug|Any CPU.ActiveCfg = Debug|Any CPU
		{77226CF8-2CCE-43DA-8FA6-BE86DD6D8010}.Debug|Any CPU.Build.0 = Debug|Any CPU
		{77226CF8-2CCE-43DA-8FA6-BE86DD6D8010}.Release|Any CPU.ActiveCfg = Release|Any CPU
		{77226CF8-2CCE-43DA-8FA6-BE86DD6D8010}.Release|Any CPU.Build.0 = Release|Any CPU
		{B83DFF0A-C12A-41FC-9D5C-A829EF469E0F}.Debug|Any CPU.ActiveCfg = Debug|Any CPU
		{B83DFF0A-C12A-41FC-9D5C-A829EF469E0F}.Debug|Any CPU.Build.0 = Debug|Any CPU
		{B83DFF0A-C12A-41FC-9D5C-A829EF469E0F}.Release|Any CPU.ActiveCfg = Release|Any CPU
		{B83DFF0A-C12A-41FC-9D5C-A829EF469E0F}.Release|Any CPU.Build.0 = Release|Any CPU
	EndGlobalSection
EndGlobal
